
Microsoft Visual Studio Solution File, Format Version 12.00
# Visual Studio Version 16
VisualStudioVersion = 16.0.31019.194
MinimumVisualStudioVersion = 10.0.40219.1
Project("{FAE04EC0-301F-11D3-BF4B-00C04F79EFBC}") = "Remote.ConsoleApp", "Remote.ConsoleApp\Remote.ConsoleApp.csproj", "{BF921B7E-5C25-41DE-B6B4-691C08E8AB87}"
EndProject
Global
	GlobalSection(SolutionConfigurationPlatforms) = preSolution
		Debug|Any CPU = Debug|Any CPU
		Release|Any CPU = Release|Any CPU
	EndGlobalSection
	GlobalSection(ProjectConfigurationPlatforms) = postSolution
		{BF921B7E-5C25-41DE-B6B4-691C08E8AB87}.Debug|Any CPU.ActiveCfg = Debug|Any CPU
		{BF921B7E-5C25-41DE-B6B4-691C08E8AB87}.Debug|Any CPU.Build.0 = Debug|Any CPU
		{BF921B7E-5C25-41DE-B6B4-691C08E8AB87}.Release|Any CPU.ActiveCfg = Release|Any CPU
		{BF921B7E-5C25-41DE-B6B4-691C08E8AB87}.Release|Any CPU.Build.0 = Release|Any CPU
	EndGlobalSection
	GlobalSection(SolutionProperties) = preSolution
		HideSolutionNode = FALSE
	EndGlobalSection
	GlobalSection(ExtensibilityGlobals) = postSolution
		SolutionGuid = {E753A79E-028E-46EA-AEF6-9F8100026567}
	EndGlobalSection
EndGlobal
